
Microsoft Visual Studio Solution File, Format Version 12.00
# Visual Studio Version 16
VisualStudioVersion = 16.0.30804.86
MinimumVisualStudioVersion = 10.0.40219.1
Project("{FAE04EC0-301F-11D3-BF4B-00C04F79EFBC}") = "MISA.CukCuk", "MISA.CukCuk\MISA.CukCuk.csproj", "{297FD2C5-45D6-4FF4-BF82-926525E4B4D2}"
EndProject
Project("{FAE04EC0-301F-11D3-BF4B-00C04F79EFBC}") = "MISA.CukCuk.Core", "MISA.CukCuk.Core\MISA.CukCuk.Core.csproj", "{B47A229D-4537-42F7-8729-B6C47F307CBE}"
EndProject
Project("{FAE04EC0-301F-11D3-BF4B-00C04F79EFBC}") = "MISA.CukCuk.Infrastructure", "MISA.CukCuk.Infrastructure\MISA.CukCuk.Infrastructure.csproj", "{987E1BFC-E933-414D-AAC5-068056F09153}"
EndProject
Global
	GlobalSection(SolutionConfigurationPlatforms) = preSolution
		Debug|Any CPU = Debug|Any CPU
		Release|Any CPU = Release|Any CPU
	EndGlobalSection
	GlobalSection(ProjectConfigurationPlatforms) = postSolution
		{297FD2C5-45D6-4FF4-BF82-926525E4B4D2}.Debug|Any CPU.ActiveCfg = Debug|Any CPU
		{297FD2C5-45D6-4FF4-BF82-926525E4B4D2}.Debug|Any CPU.Build.0 = Debug|Any CPU
		{297FD2C5-45D6-4FF4-BF82-926525E4B4D2}.Release|Any CPU.ActiveCfg = Release|Any CPU
		{297FD2C5-45D6-4FF4-BF82-926525E4B4D2}.Release|Any CPU.Build.0 = Release|Any CPU
		{B47A229D-4537-42F7-8729-B6C47F307CBE}.Debug|Any CPU.ActiveCfg = Debug|Any CPU
		{B47A229D-4537-42F7-8729-B6C47F307CBE}.Debug|Any CPU.Build.0 = Debug|Any CPU
		{B47A229D-4537-42F7-8729-B6C47F307CBE}.Release|Any CPU.ActiveCfg = Release|Any CPU
		{B47A229D-4537-42F7-8729-B6C47F307CBE}.Release|Any CPU.Build.0 = Release|Any CPU
		{987E1BFC-E933-414D-AAC5-068056F09153}.Debug|Any CPU.ActiveCfg = Debug|Any CPU
		{987E1BFC-E933-414D-AAC5-068056F09153}.Debug|Any CPU.Build.0 = Debug|Any CPU
		{987E1BFC-E933-414D-AAC5-068056F09153}.Release|Any CPU.ActiveCfg = Release|Any CPU
		{987E1BFC-E933-414D-AAC5-068056F09153}.Release|Any CPU.Build.0 = Release|Any CPU
	EndGlobalSection
	GlobalSection(SolutionProperties) = preSolution
		HideSolutionNode = FALSE
	EndGlobalSection
	GlobalSection(ExtensibilityGlobals) = postSolution
		SolutionGuid = {E5444671-2FC6-48D9-A4DF-2B2D429AA1DB}
	EndGlobalSection
EndGlobal
